// !$*UTF8*$!
{
	archiveVersion = 1;
	classes = {
	};
	objectVersion = 46;
	objects = {

/* Begin PBXBuildFile section */
		795DCFCD1D1CD287000B1C12 /* RootViewController.m in Sources */ = {isa = PBXBuildFile; fileRef = 795DCFCC1D1CD287000B1C12 /* RootViewController.m */; };
		795DCFD11D1CD3FA000B1C12 /* UIView+TWFrame.m in Sources */ = {isa = PBXBuildFile; fileRef = 795DCFD01D1CD3FA000B1C12 /* UIView+TWFrame.m */; };
		795DCFD41D1CD8C2000B1C12 /* RightViewController.m in Sources */ = {isa = PBXBuildFile; fileRef = 795DCFD31D1CD8C2000B1C12 /* RightViewController.m */; };
		795DCFE01D1CDBC3000B1C12 /* ReadViewController.m in Sources */ = {isa = PBXBuildFile; fileRef = 795DCFDF1D1CDBC3000B1C12 /* ReadViewController.m */; };
		795DCFE31D1CDBD0000B1C12 /* SettingViewController.m in Sources */ = {isa = PBXBuildFile; fileRef = 795DCFE21D1CDBD0000B1C12 /* SettingViewController.m */; };
		795DCFE61D1CDC7A000B1C12 /* CommunityViewController.m in Sources */ = {isa = PBXBuildFile; fileRef = 795DCFE51D1CDC7A000B1C12 /* CommunityViewController.m */; };
		795DCFE91D1CDC85000B1C12 /* ProductViewController.m in Sources */ = {isa = PBXBuildFile; fileRef = 795DCFE81D1CDC85000B1C12 /* ProductViewController.m */; };
		795DCFEC1D1CDC9F000B1C12 /* RadioViewController.m in Sources */ = {isa = PBXBuildFile; fileRef = 795DCFEB1D1CDC9F000B1C12 /* RadioViewController.m */; };
		79630CD01D1CD0450099FF46 /* main.m in Sources */ = {isa = PBXBuildFile; fileRef = 79630CCF1D1CD0450099FF46 /* main.m */; };
		79630CD31D1CD0450099FF46 /* AppDelegate.m in Sources */ = {isa = PBXBuildFile; fileRef = 79630CD21D1CD0450099FF46 /* AppDelegate.m */; };
		79630CDB1D1CD0450099FF46 /* Assets.xcassets in Resources */ = {isa = PBXBuildFile; fileRef = 79630CDA1D1CD0450099FF46 /* Assets.xcassets */; };
		79630CDE1D1CD0450099FF46 /* LaunchScreen.storyboard in Resources */ = {isa = PBXBuildFile; fileRef = 79630CDC1D1CD0450099FF46 /* LaunchScreen.storyboard */; };
		79630CE91D1CD0450099FF46 /* Product_ATests.m in Sources */ = {isa = PBXBuildFile; fileRef = 79630CE81D1CD0450099FF46 /* Product_ATests.m */; };
		79630CF41D1CD0450099FF46 /* Product_AUITests.m in Sources */ = {isa = PBXBuildFile; fileRef = 79630CF31D1CD0450099FF46 /* Product_AUITests.m */; };
/* End PBXBuildFile section */

/* Begin PBXContainerItemProxy section */
		79630CE51D1CD0450099FF46 /* PBXContainerItemProxy */ = {
			isa = PBXContainerItemProxy;
			containerPortal = 79630CC31D1CD0440099FF46 /* Project object */;
			proxyType = 1;
			remoteGlobalIDString = 79630CCA1D1CD0440099FF46;
			remoteInfo = Product_A;
		};
		79630CF01D1CD0450099FF46 /* PBXContainerItemProxy */ = {
			isa = PBXContainerItemProxy;
			containerPortal = 79630CC31D1CD0440099FF46 /* Project object */;
			proxyType = 1;
			remoteGlobalIDString = 79630CCA1D1CD0440099FF46;
			remoteInfo = Product_A;
		};
/* End PBXContainerItemProxy section */

/* Begin PBXFileReference section */
		795DCFCB1D1CD287000B1C12 /* RootViewController.h */ = {isa = PBXFileReference; fileEncoding = 4; lastKnownFileType = sourcecode.c.h; path = RootViewController.h; sourceTree = "<group>"; };
		795DCFCC1D1CD287000B1C12 /* RootViewController.m */ = {isa = PBXFileReference; fileEncoding = 4; lastKnownFileType = sourcecode.c.objc; path = RootViewController.m; sourceTree = "<group>"; };
		795DCFCE1D1CD336000B1C12 /* PrefixHeader.pch */ = {isa = PBXFileReference; lastKnownFileType = sourcecode.c.h; path = PrefixHeader.pch; sourceTree = "<group>"; };
		795DCFCF1D1CD3FA000B1C12 /* UIView+TWFrame.h */ = {isa = PBXFileReference; fileEncoding = 4; lastKnownFileType = sourcecode.c.h; path = "UIView+TWFrame.h"; sourceTree = "<group>"; };
		795DCFD01D1CD3FA000B1C12 /* UIView+TWFrame.m */ = {isa = PBXFileReference; fileEncoding = 4; lastKnownFileType = sourcecode.c.objc; path = "UIView+TWFrame.m"; sourceTree = "<group>"; };
		795DCFD21D1CD8C2000B1C12 /* RightViewController.h */ = {isa = PBXFileReference; fileEncoding = 4; lastKnownFileType = sourcecode.c.h; path = RightViewController.h; sourceTree = "<group>"; };
		795DCFD31D1CD8C2000B1C12 /* RightViewController.m */ = {isa = PBXFileReference; fileEncoding = 4; lastKnownFileType = sourcecode.c.objc; path = RightViewController.m; sourceTree = "<group>"; };
		795DCFDE1D1CDBC3000B1C12 /* ReadViewController.h */ = {isa = PBXFileReference; fileEncoding = 4; lastKnownFileType = sourcecode.c.h; path = ReadViewController.h; sourceTree = "<group>"; };
		795DCFDF1D1CDBC3000B1C12 /* ReadViewController.m */ = {isa = PBXFileReference; fileEncoding = 4; lastKnownFileType = sourcecode.c.objc; path = ReadViewController.m; sourceTree = "<group>"; };
		795DCFE11D1CDBD0000B1C12 /* SettingViewController.h */ = {isa = PBXFileReference; fileEncoding = 4; lastKnownFileType = sourcecode.c.h; path = SettingViewController.h; sourceTree = "<group>"; };
		795DCFE21D1CDBD0000B1C12 /* SettingViewController.m */ = {isa = PBXFileReference; fileEncoding = 4; lastKnownFileType = sourcecode.c.objc; path = SettingViewController.m; sourceTree = "<group>"; };
		795DCFE41D1CDC7A000B1C12 /* CommunityViewController.h */ = {isa = PBXFileReference; fileEncoding = 4; lastKnownFileType = sourcecode.c.h; path = CommunityViewController.h; sourceTree = "<group>"; };
		795DCFE51D1CDC7A000B1C12 /* CommunityViewController.m */ = {isa = PBXFileReference; fileEncoding = 4; lastKnownFileType = sourcecode.c.objc; path = CommunityViewController.m; sourceTree = "<group>"; };
		795DCFE71D1CDC85000B1C12 /* ProductViewController.h */ = {isa = PBXFileReference; fileEncoding = 4; lastKnownFileType = sourcecode.c.h; path = ProductViewController.h; sourceTree = "<group>"; };
		795DCFE81D1CDC85000B1C12 /* ProductViewController.m */ = {isa = PBXFileReference; fileEncoding = 4; lastKnownFileType = sourcecode.c.objc; path = ProductViewController.m; sourceTree = "<group>"; };
		795DCFEA1D1CDC9F000B1C12 /* RadioViewController.h */ = {isa = PBXFileReference; fileEncoding = 4; lastKnownFileType = sourcecode.c.h; path = RadioViewController.h; sourceTree = "<group>"; };
		795DCFEB1D1CDC9F000B1C12 /* RadioViewController.m */ = {isa = PBXFileReference; fileEncoding = 4; lastKnownFileType = sourcecode.c.objc; path = RadioViewController.m; sourceTree = "<group>"; };
		79630CCB1D1CD0440099FF46 /* Product_A.app */ = {isa = PBXFileReference; explicitFileType = wrapper.application; includeInIndex = 0; path = Product_A.app; sourceTree = BUILT_PRODUCTS_DIR; };
		79630CCF1D1CD0450099FF46 /* main.m */ = {isa = PBXFileReference; lastKnownFileType = sourcecode.c.objc; path = main.m; sourceTree = "<group>"; };
		79630CD11D1CD0450099FF46 /* AppDelegate.h */ = {isa = PBXFileReference; lastKnownFileType = sourcecode.c.h; name = AppDelegate.h; path = Product_A/AppDelegate.h; sourceTree = SOURCE_ROOT; };
		79630CD21D1CD0450099FF46 /* AppDelegate.m */ = {isa = PBXFileReference; lastKnownFileType = sourcecode.c.objc; name = AppDelegate.m; path = Product_A/AppDelegate.m; sourceTree = SOURCE_ROOT; };
		79630CDA1D1CD0450099FF46 /* Assets.xcassets */ = {isa = PBXFileReference; lastKnownFileType = folder.assetcatalog; path = Assets.xcassets; sourceTree = "<group>"; };
		79630CDD1D1CD0450099FF46 /* Base */ = {isa = PBXFileReference; lastKnownFileType = file.storyboard; name = Base; path = Base.lproj/LaunchScreen.storyboard; sourceTree = "<group>"; };
		79630CDF1D1CD0450099FF46 /* Info.plist */ = {isa = PBXFileReference; lastKnownFileType = text.plist.xml; path = Info.plist; sourceTree = "<group>"; };
		79630CE41D1CD0450099FF46 /* Product_ATests.xctest */ = {isa = PBXFileReference; explicitFileType = wrapper.cfbundle; includeInIndex = 0; path = Product_ATests.xctest; sourceTree = BUILT_PRODUCTS_DIR; };
		79630CE81D1CD0450099FF46 /* Product_ATests.m */ = {isa = PBXFileReference; lastKnownFileType = sourcecode.c.objc; path = Product_ATests.m; sourceTree = "<group>"; };
		79630CEA1D1CD0450099FF46 /* Info.plist */ = {isa = PBXFileReference; lastKnownFileType = text.plist.xml; path = Info.plist; sourceTree = "<group>"; };
		79630CEF1D1CD0450099FF46 /* Product_AUITests.xctest */ = {isa = PBXFileReference; explicitFileType = wrapper.cfbundle; includeInIndex = 0; path = Product_AUITests.xctest; sourceTree = BUILT_PRODUCTS_DIR; };
		79630CF31D1CD0450099FF46 /* Product_AUITests.m */ = {isa = PBXFileReference; lastKnownFileType = sourcecode.c.objc; path = Product_AUITests.m; sourceTree = "<group>"; };
		79630CF51D1CD0450099FF46 /* Info.plist */ = {isa = PBXFileReference; lastKnownFileType = text.plist.xml; path = Info.plist; sourceTree = "<group>"; };
/* End PBXFileReference section */

/* Begin PBXFrameworksBuildPhase section */
		79630CC81D1CD0440099FF46 /* Frameworks */ = {
			isa = PBXFrameworksBuildPhase;
			buildActionMask = 2147483647;
			files = (
			);
			runOnlyForDeploymentPostprocessing = 0;
		};
		79630CE11D1CD0450099FF46 /* Frameworks */ = {
			isa = PBXFrameworksBuildPhase;
			buildActionMask = 2147483647;
			files = (
			);
			runOnlyForDeploymentPostprocessing = 0;
		};
		79630CEC1D1CD0450099FF46 /* Frameworks */ = {
			isa = PBXFrameworksBuildPhase;
			buildActionMask = 2147483647;
			files = (
			);
			runOnlyForDeploymentPostprocessing = 0;
		};
/* End PBXFrameworksBuildPhase section */

/* Begin PBXGroup section */
		795DCFAE1D1CD253000B1C12 /* AppDelegate */ = {
			isa = PBXGroup;
			children = (
				79630CD11D1CD0450099FF46 /* AppDelegate.h */,
				79630CD21D1CD0450099FF46 /* AppDelegate.m */,
			);
			path = AppDelegate;
			sourceTree = "<group>";
		};
		795DCFAF1D1CD253000B1C12 /* CodeClass */ = {
			isa = PBXGroup;
			children = (
				795DCFC01D1CD253000B1C12 /* Root */,
				795DCFB01D1CD253000B1C12 /* Community */,
				795DCFB41D1CD253000B1C12 /* Product */,
				795DCFB81D1CD253000B1C12 /* Radio */,
				795DCFBC1D1CD253000B1C12 /* Read */,
				795DCFC41D1CD253000B1C12 /* Setting */,
			);
			path = CodeClass;
			sourceTree = "<group>";
		};
		795DCFB01D1CD253000B1C12 /* Community */ = {
			isa = PBXGroup;
			children = (
				795DCFB11D1CD253000B1C12 /* Controller */,
				795DCFB21D1CD253000B1C12 /* Model */,
				795DCFB31D1CD253000B1C12 /* View */,
			);
			path = Community;
			sourceTree = "<group>";
		};
		795DCFB11D1CD253000B1C12 /* Controller */ = {
			isa = PBXGroup;
			children = (
				795DCFE41D1CDC7A000B1C12 /* CommunityViewController.h */,
				795DCFE51D1CDC7A000B1C12 /* CommunityViewController.m */,
			);
			path = Controller;
			sourceTree = "<group>";
		};
		795DCFB21D1CD253000B1C12 /* Model */ = {
			isa = PBXGroup;
			children = (
			);
			path = Model;
			sourceTree = "<group>";
		};
		795DCFB31D1CD253000B1C12 /* View */ = {
			isa = PBXGroup;
			children = (
			);
			path = View;
			sourceTree = "<group>";
		};
		795DCFB41D1CD253000B1C12 /* Product */ = {
			isa = PBXGroup;
			children = (
				795DCFB51D1CD253000B1C12 /* Controller */,
				795DCFB61D1CD253000B1C12 /* Model */,
				795DCFB71D1CD253000B1C12 /* View */,
			);
			path = Product;
			sourceTree = "<group>";
		};
		795DCFB51D1CD253000B1C12 /* Controller */ = {
			isa = PBXGroup;
			children = (
				795DCFE71D1CDC85000B1C12 /* ProductViewController.h */,
				795DCFE81D1CDC85000B1C12 /* ProductViewController.m */,
			);
			path = Controller;
			sourceTree = "<group>";
		};
		795DCFB61D1CD253000B1C12 /* Model */ = {
			isa = PBXGroup;
			children = (
			);
			path = Model;
			sourceTree = "<group>";
		};
		795DCFB71D1CD253000B1C12 /* View */ = {
			isa = PBXGroup;
			children = (
			);
			path = View;
			sourceTree = "<group>";
		};
		795DCFB81D1CD253000B1C12 /* Radio */ = {
			isa = PBXGroup;
			children = (
				795DCFB91D1CD253000B1C12 /* Controller */,
				795DCFBA1D1CD253000B1C12 /* Model */,
				795DCFBB1D1CD253000B1C12 /* View */,
			);
			path = Radio;
			sourceTree = "<group>";
		};
		795DCFB91D1CD253000B1C12 /* Controller */ = {
			isa = PBXGroup;
			children = (
				795DCFEA1D1CDC9F000B1C12 /* RadioViewController.h */,
				795DCFEB1D1CDC9F000B1C12 /* RadioViewController.m */,
			);
			path = Controller;
			sourceTree = "<group>";
		};
		795DCFBA1D1CD253000B1C12 /* Model */ = {
			isa = PBXGroup;
			children = (
			);
			path = Model;
			sourceTree = "<group>";
		};
		795DCFBB1D1CD253000B1C12 /* View */ = {
			isa = PBXGroup;
			children = (
			);
			path = View;
			sourceTree = "<group>";
		};
		795DCFBC1D1CD253000B1C12 /* Read */ = {
			isa = PBXGroup;
			children = (
				795DCFBD1D1CD253000B1C12 /* Controller */,
				795DCFBE1D1CD253000B1C12 /* Model */,
				795DCFBF1D1CD253000B1C12 /* View */,
			);
			path = Read;
			sourceTree = "<group>";
		};
		795DCFBD1D1CD253000B1C12 /* Controller */ = {
			isa = PBXGroup;
			children = (
				795DCFDE1D1CDBC3000B1C12 /* ReadViewController.h */,
				795DCFDF1D1CDBC3000B1C12 /* ReadViewController.m */,
			);
			path = Controller;
			sourceTree = "<group>";
		};
		795DCFBE1D1CD253000B1C12 /* Model */ = {
			isa = PBXGroup;
			children = (
			);
			path = Model;
			sourceTree = "<group>";
		};
		795DCFBF1D1CD253000B1C12 /* View */ = {
			isa = PBXGroup;
			children = (
			);
			path = View;
			sourceTree = "<group>";
		};
		795DCFC01D1CD253000B1C12 /* Root */ = {
			isa = PBXGroup;
			children = (
				795DCFC11D1CD253000B1C12 /* Controller */,
				795DCFC21D1CD253000B1C12 /* Model */,
				795DCFC31D1CD253000B1C12 /* View */,
			);
			path = Root;
			sourceTree = "<group>";
		};
		795DCFC11D1CD253000B1C12 /* Controller */ = {
			isa = PBXGroup;
			children = (
				795DCFCB1D1CD287000B1C12 /* RootViewController.h */,
				795DCFCC1D1CD287000B1C12 /* RootViewController.m */,
			);
			path = Controller;
			sourceTree = "<group>";
		};
		795DCFC21D1CD253000B1C12 /* Model */ = {
			isa = PBXGroup;
			children = (
			);
			path = Model;
			sourceTree = "<group>";
		};
		795DCFC31D1CD253000B1C12 /* View */ = {
			isa = PBXGroup;
			children = (
			);
			path = View;
			sourceTree = "<group>";
		};
		795DCFC41D1CD253000B1C12 /* Setting */ = {
			isa = PBXGroup;
			children = (
				795DCFC51D1CD253000B1C12 /* Controller */,
				795DCFC61D1CD253000B1C12 /* Model */,
				795DCFC71D1CD253000B1C12 /* View */,
			);
			path = Setting;
			sourceTree = "<group>";
		};
		795DCFC51D1CD253000B1C12 /* Controller */ = {
			isa = PBXGroup;
			children = (
				795DCFE11D1CDBD0000B1C12 /* SettingViewController.h */,
				795DCFE21D1CDBD0000B1C12 /* SettingViewController.m */,
			);
			path = Controller;
			sourceTree = "<group>";
		};
		795DCFC61D1CD253000B1C12 /* Model */ = {
			isa = PBXGroup;
			children = (
			);
			path = Model;
			sourceTree = "<group>";
		};
		795DCFC71D1CD253000B1C12 /* View */ = {
			isa = PBXGroup;
			children = (
			);
			path = View;
			sourceTree = "<group>";
		};
		795DCFC81D1CD253000B1C12 /* Tool */ = {
			isa = PBXGroup;
			children = (
				795DCFCF1D1CD3FA000B1C12 /* UIView+TWFrame.h */,
				795DCFD01D1CD3FA000B1C12 /* UIView+TWFrame.m */,
			);
			path = Tool;
			sourceTree = "<group>";
		};
		795DCFC91D1CD253000B1C12 /* Help */ = {
			isa = PBXGroup;
			children = (
				795DCFCE1D1CD336000B1C12 /* PrefixHeader.pch */,
			);
			path = Help;
			sourceTree = "<group>";
		};
		795DCFCA1D1CD253000B1C12 /* BaseClass */ = {
			isa = PBXGroup;
			children = (
				795DCFD21D1CD8C2000B1C12 /* RightViewController.h */,
				795DCFD31D1CD8C2000B1C12 /* RightViewController.m */,
			);
			path = BaseClass;
			sourceTree = "<group>";
		};
		79630CC21D1CD0440099FF46 = {
			isa = PBXGroup;
			children = (
				79630CCD1D1CD0450099FF46 /* Product_A */,
				79630CE71D1CD0450099FF46 /* Product_ATests */,
				79630CF21D1CD0450099FF46 /* Product_AUITests */,
				79630CCC1D1CD0440099FF46 /* Products */,
			);
			sourceTree = "<group>";
		};
		79630CCC1D1CD0440099FF46 /* Products */ = {
			isa = PBXGroup;
			children = (
				79630CCB1D1CD0440099FF46 /* Product_A.app */,
				79630CE41D1CD0450099FF46 /* Product_ATests.xctest */,
				79630CEF1D1CD0450099FF46 /* Product_AUITests.xctest */,
			);
			name = Products;
			sourceTree = "<group>";
		};
		79630CCD1D1CD0450099FF46 /* Product_A */ = {
			isa = PBXGroup;
			children = (
				795DCFAE1D1CD253000B1C12 /* AppDelegate */,
				795DCFAF1D1CD253000B1C12 /* CodeClass */,
				795DCFC81D1CD253000B1C12 /* Tool */,
				795DCFC91D1CD253000B1C12 /* Help */,
				795DCFCA1D1CD253000B1C12 /* BaseClass */,
				79630CDA1D1CD0450099FF46 /* Assets.xcassets */,
				79630CDC1D1CD0450099FF46 /* LaunchScreen.storyboard */,
				79630CDF1D1CD0450099FF46 /* Info.plist */,
				79630CCE1D1CD0450099FF46 /* Supporting Files */,
			);
			path = Product_A;
			sourceTree = "<group>";
		};
		79630CCE1D1CD0450099FF46 /* Supporting Files */ = {
			isa = PBXGroup;
			children = (
				79630CCF1D1CD0450099FF46 /* main.m */,
			);
			name = "Supporting Files";
			sourceTree = "<group>";
		};
		79630CE71D1CD0450099FF46 /* Product_ATests */ = {
			isa = PBXGroup;
			children = (
				79630CE81D1CD0450099FF46 /* Product_ATests.m */,
				79630CEA1D1CD0450099FF46 /* Info.plist */,
			);
			path = Product_ATests;
			sourceTree = "<group>";
		};
		79630CF21D1CD0450099FF46 /* Product_AUITests */ = {
			isa = PBXGroup;
			children = (
				79630CF31D1CD0450099FF46 /* Product_AUITests.m */,
				79630CF51D1CD0450099FF46 /* Info.plist */,
			);
			path = Product_AUITests;
			sourceTree = "<group>";
		};
/* End PBXGroup section */

/* Begin PBXNativeTarget section */
		79630CCA1D1CD0440099FF46 /* Product_A */ = {
			isa = PBXNativeTarget;
			buildConfigurationList = 79630CF81D1CD0450099FF46 /* Build configuration list for PBXNativeTarget "Product_A" */;
			buildPhases = (
				79630CC71D1CD0440099FF46 /* Sources */,
				79630CC81D1CD0440099FF46 /* Frameworks */,
				79630CC91D1CD0440099FF46 /* Resources */,
			);
			buildRules = (
			);
			dependencies = (
			);
			name = Product_A;
			productName = Product_A;
			productReference = 79630CCB1D1CD0440099FF46 /* Product_A.app */;
			productType = "com.apple.product-type.application";
		};
		79630CE31D1CD0450099FF46 /* Product_ATests */ = {
			isa = PBXNativeTarget;
			buildConfigurationList = 79630CFB1D1CD0450099FF46 /* Build configuration list for PBXNativeTarget "Product_ATests" */;
			buildPhases = (
				79630CE01D1CD0450099FF46 /* Sources */,
				79630CE11D1CD0450099FF46 /* Frameworks */,
				79630CE21D1CD0450099FF46 /* Resources */,
			);
			buildRules = (
			);
			dependencies = (
				79630CE61D1CD0450099FF46 /* PBXTargetDependency */,
			);
			name = Product_ATests;
			productName = Product_ATests;
			productReference = 79630CE41D1CD0450099FF46 /* Product_ATests.xctest */;
			productType = "com.apple.product-type.bundle.unit-test";
		};
		79630CEE1D1CD0450099FF46 /* Product_AUITests */ = {
			isa = PBXNativeTarget;
			buildConfigurationList = 79630CFE1D1CD0450099FF46 /* Build configuration list for PBXNativeTarget "Product_AUITests" */;
			buildPhases = (
				79630CEB1D1CD0450099FF46 /* Sources */,
				79630CEC1D1CD0450099FF46 /* Frameworks */,
				79630CED1D1CD0450099FF46 /* Resources */,
			);
			buildRules = (
			);
			dependencies = (
				79630CF11D1CD0450099FF46 /* PBXTargetDependency */,
			);
			name = Product_AUITests;
			productName = Product_AUITests;
			productReference = 79630CEF1D1CD0450099FF46 /* Product_AUITests.xctest */;
			productType = "com.apple.product-type.bundle.ui-testing";
		};
/* End PBXNativeTarget section */

/* Begin PBXProject section */
		79630CC31D1CD0440099FF46 /* Project object */ = {
			isa = PBXProject;
			attributes = {
				LastUpgradeCheck = 0720;
				ORGANIZATIONNAME = H;
				TargetAttributes = {
					79630CCA1D1CD0440099FF46 = {
						CreatedOnToolsVersion = 7.2.1;
						DevelopmentTeam = ZNKXJLKQ3T;
					};
					79630CE31D1CD0450099FF46 = {
						CreatedOnToolsVersion = 7.2.1;
						DevelopmentTeam = ZNKXJLKQ3T;
						TestTargetID = 79630CCA1D1CD0440099FF46;
					};
					79630CEE1D1CD0450099FF46 = {
						CreatedOnToolsVersion = 7.2.1;
						DevelopmentTeam = ZNKXJLKQ3T;
						TestTargetID = 79630CCA1D1CD0440099FF46;
					};
				};
			};
			buildConfigurationList = 79630CC61D1CD0440099FF46 /* Build configuration list for PBXProject "Product_A" */;
			compatibilityVersion = "Xcode 3.2";
			developmentRegion = English;
			hasScannedForEncodings = 0;
			knownRegions = (
				en,
				Base,
			);
			mainGroup = 79630CC21D1CD0440099FF46;
			productRefGroup = 79630CCC1D1CD0440099FF46 /* Products */;
			projectDirPath = "";
			projectRoot = "";
			targets = (
				79630CCA1D1CD0440099FF46 /* Product_A */,
				79630CE31D1CD0450099FF46 /* Product_ATests */,
				79630CEE1D1CD0450099FF46 /* Product_AUITests */,
			);
		};
/* End PBXProject section */

/* Begin PBXResourcesBuildPhase section */
		79630CC91D1CD0440099FF46 /* Resources */ = {
			isa = PBXResourcesBuildPhase;
			buildActionMask = 2147483647;
			files = (
				79630CDE1D1CD0450099FF46 /* LaunchScreen.storyboard in Resources */,
				79630CDB1D1CD0450099FF46 /* Assets.xcassets in Resources */,
			);
			runOnlyForDeploymentPostprocessing = 0;
		};
		79630CE21D1CD0450099FF46 /* Resources */ = {
			isa = PBXResourcesBuildPhase;
			buildActionMask = 2147483647;
			files = (
			);
			runOnlyForDeploymentPostprocessing = 0;
		};
		79630CED1D1CD0450099FF46 /* Resources */ = {
			isa = PBXResourcesBuildPhase;
			buildActionMask = 2147483647;
			files = (
			);
			runOnlyForDeploymentPostprocessing = 0;
		};
/* End PBXResourcesBuildPhase section */

/* Begin PBXSourcesBuildPhase section */
		79630CC71D1CD0440099FF46 /* Sources */ = {
			isa = PBXSourcesBuildPhase;
			buildActionMask = 2147483647;
			files = (
				795DCFE01D1CDBC3000B1C12 /* ReadViewController.m in Sources */,
				795DCFD41D1CD8C2000B1C12 /* RightViewController.m in Sources */,
				795DCFE91D1CDC85000B1C12 /* ProductViewController.m in Sources */,
				79630CD31D1CD0450099FF46 /* AppDelegate.m in Sources */,
				795DCFD11D1CD3FA000B1C12 /* UIView+TWFrame.m in Sources */,
				79630CD01D1CD0450099FF46 /* main.m in Sources */,
				795DCFCD1D1CD287000B1C12 /* RootViewController.m in Sources */,
				795DCFE61D1CDC7A000B1C12 /* CommunityViewController.m in Sources */,
				795DCFEC1D1CDC9F000B1C12 /* RadioViewController.m in Sources */,
				795DCFE31D1CDBD0000B1C12 /* SettingViewController.m in Sources */,
			);
			runOnlyForDeploymentPostprocessing = 0;
		};
		79630CE01D1CD0450099FF46 /* Sources */ = {
			isa = PBXSourcesBuildPhase;
			buildActionMask = 2147483647;
			files = (
				79630CE91D1CD0450099FF46 /* Product_ATests.m in Sources */,
			);
			runOnlyForDeploymentPostprocessing = 0;
		};
		79630CEB1D1CD0450099FF46 /* Sources */ = {
			isa = PBXSourcesBuildPhase;
			buildActionMask = 2147483647;
			files = (
				79630CF41D1CD0450099FF46 /* Product_AUITests.m in Sources */,
			);
			runOnlyForDeploymentPostprocessing = 0;
		};
/* End PBXSourcesBuildPhase section */

/* Begin PBXTargetDependency section */
		79630CE61D1CD0450099FF46 /* PBXTargetDependency */ = {
			isa = PBXTargetDependency;
			target = 79630CCA1D1CD0440099FF46 /* Product_A */;
			targetProxy = 79630CE51D1CD0450099FF46 /* PBXContainerItemProxy */;
		};
		79630CF11D1CD0450099FF46 /* PBXTargetDependency */ = {
			isa = PBXTargetDependency;
			target = 79630CCA1D1CD0440099FF46 /* Product_A */;
			targetProxy = 79630CF01D1CD0450099FF46 /* PBXContainerItemProxy */;
		};
/* End PBXTargetDependency section */

/* Begin PBXVariantGroup section */
		79630CDC1D1CD0450099FF46 /* LaunchScreen.storyboard */ = {
			isa = PBXVariantGroup;
			children = (
				79630CDD1D1CD0450099FF46 /* Base */,
			);
			name = LaunchScreen.storyboard;
			sourceTree = "<group>";
		};
/* End PBXVariantGroup section */

/* Begin XCBuildConfiguration section */
		79630CF61D1CD0450099FF46 /* Debug */ = {
			isa = XCBuildConfiguration;
			buildSettings = {
				ALWAYS_SEARCH_USER_PATHS = NO;
				CLANG_CXX_LANGUAGE_STANDARD = "gnu++0x";
				CLANG_CXX_LIBRARY = "libc++";
				CLANG_ENABLE_MODULES = YES;
				CLANG_ENABLE_OBJC_ARC = YES;
				CLANG_WARN_BOOL_CONVERSION = YES;
				CLANG_WARN_CONSTANT_CONVERSION = YES;
				CLANG_WARN_DIRECT_OBJC_ISA_USAGE = YES_ERROR;
				CLANG_WARN_EMPTY_BODY = YES;
				CLANG_WARN_ENUM_CONVERSION = YES;
				CLANG_WARN_INT_CONVERSION = YES;
				CLANG_WARN_OBJC_ROOT_CLASS = YES_ERROR;
				CLANG_WARN_UNREACHABLE_CODE = YES;
				CLANG_WARN__DUPLICATE_METHOD_MATCH = YES;
				"CODE_SIGN_IDENTITY[sdk=iphoneos*]" = "iPhone Developer";
				COPY_PHASE_STRIP = NO;
				DEBUG_INFORMATION_FORMAT = dwarf;
				ENABLE_STRICT_OBJC_MSGSEND = YES;
				ENABLE_TESTABILITY = YES;
				GCC_C_LANGUAGE_STANDARD = gnu99;
				GCC_DYNAMIC_NO_PIC = NO;
				GCC_NO_COMMON_BLOCKS = YES;
				GCC_OPTIMIZATION_LEVEL = 0;
				GCC_PREPROCESSOR_DEFINITIONS = (
					"DEBUG=1",
					"$(inherited)",
				);
				GCC_WARN_64_TO_32_BIT_CONVERSION = YES;
				GCC_WARN_ABOUT_RETURN_TYPE = YES_ERROR;
				GCC_WARN_UNDECLARED_SELECTOR = YES;
				GCC_WARN_UNINITIALIZED_AUTOS = YES_AGGRESSIVE;
				GCC_WARN_UNUSED_FUNCTION = YES;
				GCC_WARN_UNUSED_VARIABLE = YES;
				IPHONEOS_DEPLOYMENT_TARGET = 9.2;
				MTL_ENABLE_DEBUG_INFO = YES;
				ONLY_ACTIVE_ARCH = YES;
				SDKROOT = iphoneos;
				TARGETED_DEVICE_FAMILY = "1,2";
			};
			name = Debug;
		};
		79630CF71D1CD0450099FF46 /* Release */ = {
			isa = XCBuildConfiguration;
			buildSettings = {
				ALWAYS_SEARCH_USER_PATHS = NO;
				CLANG_CXX_LANGUAGE_STANDARD = "gnu++0x";
				CLANG_CXX_LIBRARY = "libc++";
				CLANG_ENABLE_MODULES = YES;
				CLANG_ENABLE_OBJC_ARC = YES;
				CLANG_WARN_BOOL_CONVERSION = YES;
				CLANG_WARN_CONSTANT_CONVERSION = YES;
				CLANG_WARN_DIRECT_OBJC_ISA_USAGE = YES_ERROR;
				CLANG_WARN_EMPTY_BODY = YES;
				CLANG_WARN_ENUM_CONVERSION = YES;
				CLANG_WARN_INT_CONVERSION = YES;
				CLANG_WARN_OBJC_ROOT_CLASS = YES_ERROR;
				CLANG_WARN_UNREACHABLE_CODE = YES;
				CLANG_WARN__DUPLICATE_METHOD_MATCH = YES;
				"CODE_SIGN_IDENTITY[sdk=iphoneos*]" = "iPhone Developer";
				COPY_PHASE_STRIP = NO;
				DEBUG_INFORMATION_FORMAT = "dwarf-with-dsym";
				ENABLE_NS_ASSERTIONS = NO;
				ENABLE_STRICT_OBJC_MSGSEND = YES;
				GCC_C_LANGUAGE_STANDARD = gnu99;
				GCC_NO_COMMON_BLOCKS = YES;
				GCC_WARN_64_TO_32_BIT_CONVERSION = YES;
				GCC_WARN_ABOUT_RETURN_TYPE = YES_ERROR;
				GCC_WARN_UNDECLARED_SELECTOR = YES;
				GCC_WARN_UNINITIALIZED_AUTOS = YES_AGGRESSIVE;
				GCC_WARN_UNUSED_FUNCTION = YES;
				GCC_WARN_UNUSED_VARIABLE = YES;
				IPHONEOS_DEPLOYMENT_TARGET = 9.2;
				MTL_ENABLE_DEBUG_INFO = NO;
				SDKROOT = iphoneos;
				TARGETED_DEVICE_FAMILY = "1,2";
				VALIDATE_PRODUCT = YES;
			};
			name = Release;
		};
		79630CF91D1CD0450099FF46 /* Debug */ = {
			isa = XCBuildConfiguration;
			buildSettings = {
				ASSETCATALOG_COMPILER_APPICON_NAME = AppIcon;
				GCC_PRECOMPILE_PREFIX_HEADER = YES;
				GCC_PREFIX_HEADER = "$(SRCROOT)/Product_A/Help/PrefixHeader.pch";
				INFOPLIST_FILE = Product_A/Info.plist;
				LD_RUNPATH_SEARCH_PATHS = "$(inherited) @executable_path/Frameworks";
				PRODUCT_BUNDLE_IDENTIFIER = "wushuputi.Product-A";
				PRODUCT_NAME = "$(TARGET_NAME)";
			};
			name = Debug;
		};
		79630CFA1D1CD0450099FF46 /* Release */ = {
			isa = XCBuildConfiguration;
			buildSettings = {
				ASSETCATALOG_COMPILER_APPICON_NAME = AppIcon;
				GCC_PRECOMPILE_PREFIX_HEADER = YES;
				GCC_PREFIX_HEADER = "$(SRCROOT)/Product_A/Help/PrefixHeader.pch";
				INFOPLIST_FILE = Product_A/Info.plist;
				LD_RUNPATH_SEARCH_PATHS = "$(inherited) @executable_path/Frameworks";
				PRODUCT_BUNDLE_IDENTIFIER = "wushuputi.Product-A";
				PRODUCT_NAME = "$(TARGET_NAME)";
			};
			name = Release;
		};
		79630CFC1D1CD0450099FF46 /* Debug */ = {
			isa = XCBuildConfiguration;
			buildSettings = {
				BUNDLE_LOADER = "$(TEST_HOST)";
				INFOPLIST_FILE = Product_ATests/Info.plist;
				LD_RUNPATH_SEARCH_PATHS = "$(inherited) @executable_path/Frameworks @loader_path/Frameworks";
				PRODUCT_BUNDLE_IDENTIFIER = "wushuputi.Product-ATests";
				PRODUCT_NAME = "$(TARGET_NAME)";
				TEST_HOST = "$(BUILT_PRODUCTS_DIR)/Product_A.app/Product_A";
			};
			name = Debug;
		};
		79630CFD1D1CD0450099FF46 /* Release */ = {
			isa = XCBuildConfiguration;
			buildSettings = {
				BUNDLE_LOADER = "$(TEST_HOST)";
				INFOPLIST_FILE = Product_ATests/Info.plist;
				LD_RUNPATH_SEARCH_PATHS = "$(inherited) @executable_path/Frameworks @loader_path/Frameworks";
				PRODUCT_BUNDLE_IDENTIFIER = "wushuputi.Product-ATests";
				PRODUCT_NAME = "$(TARGET_NAME)";
				TEST_HOST = "$(BUILT_PRODUCTS_DIR)/Product_A.app/Product_A";
			};
			name = Release;
		};
		79630CFF1D1CD0450099FF46 /* Debug */ = {
			isa = XCBuildConfiguration;
			buildSettings = {
				INFOPLIST_FILE = Product_AUITests/Info.plist;
				LD_RUNPATH_SEARCH_PATHS = "$(inherited) @executable_path/Frameworks @loader_path/Frameworks";
				PRODUCT_BUNDLE_IDENTIFIER = "wushuputi.Product-AUITests";
				PRODUCT_NAME = "$(TARGET_NAME)";
				TEST_TARGET_NAME = Product_A;
				USES_XCTRUNNER = YES;
			};
			name = Debug;
		};
		79630D001D1CD0450099FF46 /* Release */ = {
			isa = XCBuildConfiguration;
			buildSettings = {
				INFOPLIST_FILE = Product_AUITests/Info.plist;
				LD_RUNPATH_SEARCH_PATHS = "$(inherited) @executable_path/Frameworks @loader_path/Frameworks";
				PRODUCT_BUNDLE_IDENTIFIER = "wushuputi.Product-AUITests";
				PRODUCT_NAME = "$(TARGET_NAME)";
				TEST_TARGET_NAME = Product_A;
				USES_XCTRUNNER = YES;
			};
			name = Release;
		};
/* End XCBuildConfiguration section */

/* Begin XCConfigurationList section */
		79630CC61D1CD0440099FF46 /* Build configuration list for PBXProject "Product_A" */ = {
			isa = XCConfigurationList;
			buildConfigurations = (
				79630CF61D1CD0450099FF46 /* Debug */,
				79630CF71D1CD0450099FF46 /* Release */,
			);
			defaultConfigurationIsVisible = 0;
			defaultConfigurationName = Release;
		};
		79630CF81D1CD0450099FF46 /* Build configuration list for PBXNativeTarget "Product_A" */ = {
			isa = XCConfigurationList;
			buildConfigurations = (
				79630CF91D1CD0450099FF46 /* Debug */,
				79630CFA1D1CD0450099FF46 /* Release */,
			);
			defaultConfigurationIsVisible = 0;
			defaultConfigurationName = Release;
		};
		79630CFB1D1CD0450099FF46 /* Build configuration list for PBXNativeTarget "Product_ATests" */ = {
			isa = XCConfigurationList;
			buildConfigurations = (
				79630CFC1D1CD0450099FF46 /* Debug */,
				79630CFD1D1CD0450099FF46 /* Release */,
			);
			defaultConfigurationIsVisible = 0;
			defaultConfigurationName = Release;
		};
		79630CFE1D1CD0450099FF46 /* Build configuration list for PBXNativeTarget "Product_AUITests" */ = {
			isa = XCConfigurationList;
			buildConfigurations = (
				79630CFF1D1CD0450099FF46 /* Debug */,
				79630D001D1CD0450099FF46 /* Release */,
			);
			defaultConfigurationIsVisible = 0;
			defaultConfigurationName = Release;
		};
/* End XCConfigurationList section */
	};
	rootObject = 79630CC31D1CD0440099FF46 /* Project object */;
}
